
Microsoft Visual Studio Solution File, Format Version 12.00
# Visual Studio 2012
Project("{FAE04EC0-301F-11D3-BF4B-00C04F79EFBC}") = "JuegoBuscaminas", "JuegoBuscaminas\JuegoBuscaminas.csproj", "{F44E4885-F3CD-4529-9B90-C5921A521084}"
EndProject
Project("{2150E333-8FDC-42A3-9474-1A3956D46DE8}") = ".nuget", ".nuget", "{F6601FB9-C85D-4011-BA35-536BD69155E1}"
	ProjectSection(SolutionItems) = preProject
		.nuget\packages.config = .nuget\packages.config
	EndProjectSection
EndProject
Global
	GlobalSection(SolutionConfigurationPlatforms) = preSolution
		Debug|Any CPU = Debug|Any CPU
		Release|Any CPU = Release|Any CPU
	EndGlobalSection
	GlobalSection(ProjectConfigurationPlatforms) = postSolution
		{F44E4885-F3CD-4529-9B90-C5921A521084}.Debug|Any CPU.ActiveCfg = Debug|Any CPU
		{F44E4885-F3CD-4529-9B90-C5921A521084}.Debug|Any CPU.Build.0 = Debug|Any CPU
		{F44E4885-F3CD-4529-9B90-C5921A521084}.Release|Any CPU.ActiveCfg = Release|Any CPU
		{F44E4885-F3CD-4529-9B90-C5921A521084}.Release|Any CPU.Build.0 = Release|Any CPU
	EndGlobalSection
	GlobalSection(SolutionProperties) = preSolution
		HideSolutionNode = FALSE
	EndGlobalSection
EndGlobal
